{
  "name": "render",
  "lockfileVersion": 2,
  "requires": true,
  "packages": {
    "": {
      "dependencies": {
        "liquidjs": "^9.35.1"
      }
    },
    "node_modules/liquidjs": {
      "version": "9.35.1",
      "resolved": "https://registry.npmjs.org/liquidjs/-/liquidjs-9.35.1.tgz",
      "integrity": "sha512-+xI5weUnymUAkRABThK+mJqYwpwrnE1fgShYJwS3IUdKVwnjPMqSJGTOpGIW14gDTIMrTLbEgRwGKJWD4wz1Pw==",
      "bin": {
        "liquid": "bin/liquid.js",
        "liquidjs": "bin/liquid.js"
      },
      "engines": {
        "node": ">=4.8.7"
      },
      "funding": {
        "type": "opencollective",
        "url": "https://opencollective.com/liquidjs"
      }
    }
  },
  "dependencies": {
    "liquidjs": {
      "version": "9.35.1",
      "resolved": "https://registry.npmjs.org/liquidjs/-/liquidjs-9.35.1.tgz",
      "integrity": "sha512-+xI5weUnymUAkRABThK+mJqYwpwrnE1fgShYJwS3IUdKVwnjPMqSJGTOpGIW14gDTIMrTLbEgRwGKJWD4wz1Pw=="
    }
  }
}
