{
  "requires": true,
  "lockfileVersion": 1,
  "dependencies": {
    "liquidjs": {
      "version": "9.35.1",
      "resolved": "https://registry.npmjs.org/liquidjs/-/liquidjs-9.35.1.tgz",
      "integrity": "sha512-+xI5weUnymUAkRABThK+mJqYwpwrnE1fgShYJwS3IUdKVwnjPMqSJGTOpGIW14gDTIMrTLbEgRwGKJWD4wz1Pw=="
    }
  }
}
